{
  "name": "my-package",
  "version": "1.0.0",
  "lockfileVersion": 2,
  "requires": true,
  "packages": {
    "": {
      "name": "my-package",
      "version": "1.0.0",
      "license": "ISC"
    },
    "../compromised-package": {
      "version": "1.0.0",
      "extraneous": true,
      "hasInstallScript": true,
      "license": "ISC"
    }
  }
}
